
Microsoft Visual Studio Solution File, Format Version 12.00
# Visual Studio Version 16
VisualStudioVersion = 16.0.31112.23
MinimumVisualStudioVersion = 10.0.40219.1
Project("{FAE04EC0-301F-11D3-BF4B-00C04F79EFBC}") = "ZAVRSNI_RAD", "ZAVRSNI_RAD\ZAVRSNI_RAD.csproj", "{56FED267-9E58-4C42-BF51-94922173155E}"
EndProject
Global
	GlobalSection(SolutionConfigurationPlatforms) = preSolution
		Debug|Any CPU = Debug|Any CPU
		Release|Any CPU = Release|Any CPU
	EndGlobalSection
	GlobalSection(ProjectConfigurationPlatforms) = postSolution
		{56FED267-9E58-4C42-BF51-94922173155E}.Debug|Any CPU.ActiveCfg = Debug|Any CPU
		{56FED267-9E58-4C42-BF51-94922173155E}.Debug|Any CPU.Build.0 = Debug|Any CPU
		{56FED267-9E58-4C42-BF51-94922173155E}.Release|Any CPU.ActiveCfg = Release|Any CPU
		{56FED267-9E58-4C42-BF51-94922173155E}.Release|Any CPU.Build.0 = Release|Any CPU
	EndGlobalSection
	GlobalSection(SolutionProperties) = preSolution
		HideSolutionNode = FALSE
	EndGlobalSection
	GlobalSection(ExtensibilityGlobals) = postSolution
		SolutionGuid = {1A5CF28F-62CF-4914-81C6-707B1D6E2A2E}
	EndGlobalSection
EndGlobal
